<?xml version="1.0" encoding="utf-8"?>
<Project ToolsVersion="4.0" xmlns="http://schemas.microsoft.com/developer/msbuild/2003">
  <ItemGroup>
    <Filter Include="Source Files">
      <UniqueIdentifier>{4FC737F1-C7A5-4376-A066-2A32D752A2FF}</UniqueIdentifier>
      <Extensions>cpp;c;cc;cxx;def;odl;idl;hpj;bat;asm;asmx</Extensions>
    </Filter>
    <Filter Include="Header Files">
      <UniqueIdentifier>{93995380-89BD-4b04-88EB-625FBE52EBFB}</UniqueIdentifier>
      <Extensions>h;hpp;hxx;hm;inl;inc;xsd</Extensions>
    </Filter>
    <Filter Include="Forms">
      <UniqueIdentifier>{0acd095e-bbfe-4b49-82bd-08435aefff7d}</UniqueIdentifier>
    </Filter>
    <Filter Include="Lua">
      <UniqueIdentifier>{f5b06f6b-a1c4-488c-a7c2-7705736b0b65}</UniqueIdentifier>
    </Filter>
  </ItemGroup>
  <ItemGroup>
    <ClCompile Include="Home.cpp">
      <Filter>Forms</Filter>
    </ClCompile>
    <ClCompile Include="api.cpp">
      <Filter>Source Files</Filter>
    </ClCompile>
    <ClCompile Include="DLL.cpp">
      <Filter>Source Files</Filter>
    </ClCompile>
    <ClCompile Include="Hacks.cpp">
      <Filter>Source Files</Filter>
    </ClCompile>
    <ClCompile Include="Memory.cpp">
      <Filter>Source Files</Filter>
    </ClCompile>
    <ClCompile Include="Util.cpp">
      <Filter>Source Files</Filter>
    </ClCompile>
  </ItemGroup>
  <ItemGroup>
    <ClInclude Include="Home.h">
      <Filter>Forms</Filter>
    </ClInclude>
    <ClInclude Include="lauxlib.h">
      <Filter>Lua</Filter>
    </ClInclude>
    <ClInclude Include="lua.h">
      <Filter>Lua</Filter>
    </ClInclude>
    <ClInclude Include="lua.hpp">
      <Filter>Lua</Filter>
    </ClInclude>
    <ClInclude Include="luaconf.h">
      <Filter>Lua</Filter>
    </ClInclude>
    <ClInclude Include="lualib.h">
      <Filter>Lua</Filter>
    </ClInclude>
    <ClInclude Include="Memory.h">
      <Filter>Header Files</Filter>
    </ClInclude>
    <ClInclude Include="Hacks.h">
      <Filter>Header Files</Filter>
    </ClInclude>
    <ClInclude Include="inc.h">
      <Filter>Header Files</Filter>
    </ClInclude>
  </ItemGroup>
</Project>